
Microsoft Visual Studio Solution File, Format Version 12.00
# Visual Studio Version 17
VisualStudioVersion = 17.0.32014.148
MinimumVisualStudioVersion = 10.0.40219.1
Project("{8BC9CEB8-8B4A-11D0-8D11-00A0C91BC942}") = "Calculator SWE sanzone Gianmarco", "Calculator SWE sanzone Gianmarco\Calculator SWE sanzone Gianmarco.vcxproj", "{C83C7368-AF71-4806-8F6F-F18538F5475A}"
EndProject
Global
	GlobalSection(SolutionConfigurationPlatforms) = preSolution
		Debug|x64 = Debug|x64
		Debug|x86 = Debug|x86
		Release|x64 = Release|x64
		Release|x86 = Release|x86
	EndGlobalSection
	GlobalSection(ProjectConfigurationPlatforms) = postSolution
		{C83C7368-AF71-4806-8F6F-F18538F5475A}.Debug|x64.ActiveCfg = Debug|x64
		{C83C7368-AF71-4806-8F6F-F18538F5475A}.Debug|x64.Build.0 = Debug|x64
		{C83C7368-AF71-4806-8F6F-F18538F5475A}.Debug|x86.ActiveCfg = Debug|Win32
		{C83C7368-AF71-4806-8F6F-F18538F5475A}.Debug|x86.Build.0 = Debug|Win32
		{C83C7368-AF71-4806-8F6F-F18538F5475A}.Release|x64.ActiveCfg = Release|x64
		{C83C7368-AF71-4806-8F6F-F18538F5475A}.Release|x64.Build.0 = Release|x64
		{C83C7368-AF71-4806-8F6F-F18538F5475A}.Release|x86.ActiveCfg = Release|Win32
		{C83C7368-AF71-4806-8F6F-F18538F5475A}.Release|x86.Build.0 = Release|Win32
	EndGlobalSection
	GlobalSection(SolutionProperties) = preSolution
		HideSolutionNode = FALSE
	EndGlobalSection
	GlobalSection(ExtensibilityGlobals) = postSolution
		SolutionGuid = {792BE14E-44B1-4106-992A-C13DA85E5B2F}
	EndGlobalSection
EndGlobal
